
Microsoft Visual Studio Solution File, Format Version 12.00
# Visual Studio 15
VisualStudioVersion = 15.0.28307.852
MinimumVisualStudioVersion = 10.0.40219.1
Project("{FAE04EC0-301F-11D3-BF4B-00C04F79EFBC}") = "ExplorerDemo", "ExplorerDemo\ExplorerDemo.csproj", "{1AE10543-B655-4620-A60B-6A2FE7D4C32B}"
EndProject
Global
	GlobalSection(SolutionConfigurationPlatforms) = preSolution
		Debug|Any CPU = Debug|Any CPU
		Release|Any CPU = Release|Any CPU
	EndGlobalSection
	GlobalSection(ProjectConfigurationPlatforms) = postSolution
		{1AE10543-B655-4620-A60B-6A2FE7D4C32B}.Debug|Any CPU.ActiveCfg = Debug|Any CPU
		{1AE10543-B655-4620-A60B-6A2FE7D4C32B}.Debug|Any CPU.Build.0 = Debug|Any CPU
		{1AE10543-B655-4620-A60B-6A2FE7D4C32B}.Release|Any CPU.ActiveCfg = Release|Any CPU
		{1AE10543-B655-4620-A60B-6A2FE7D4C32B}.Release|Any CPU.Build.0 = Release|Any CPU
	EndGlobalSection
	GlobalSection(SolutionProperties) = preSolution
		HideSolutionNode = FALSE
	EndGlobalSection
	GlobalSection(ExtensibilityGlobals) = postSolution
		SolutionGuid = {A802BEE0-3518-45B4-BB34-E6B20EC39EAE}
	EndGlobalSection
EndGlobal
